
Microsoft Visual Studio Solution File, Format Version 12.00
# Visual Studio Version 16
VisualStudioVersion = 16.0.30907.101
MinimumVisualStudioVersion = 10.0.40219.1
Project("{FAE04EC0-301F-11D3-BF4B-00C04F79EFBC}") = "MonogameLinkLabel", "MonogameLinkLabel\MonogameLinkLabel.csproj", "{F33E690F-842E-42B8-AE8C-12101F7C7EE0}"
EndProject
Global
	GlobalSection(SolutionConfigurationPlatforms) = preSolution
		Debug|Any CPU = Debug|Any CPU
		Release|Any CPU = Release|Any CPU
	EndGlobalSection
	GlobalSection(ProjectConfigurationPlatforms) = postSolution
		{F33E690F-842E-42B8-AE8C-12101F7C7EE0}.Debug|Any CPU.ActiveCfg = Debug|Any CPU
		{F33E690F-842E-42B8-AE8C-12101F7C7EE0}.Debug|Any CPU.Build.0 = Debug|Any CPU
		{F33E690F-842E-42B8-AE8C-12101F7C7EE0}.Release|Any CPU.ActiveCfg = Release|Any CPU
		{F33E690F-842E-42B8-AE8C-12101F7C7EE0}.Release|Any CPU.Build.0 = Release|Any CPU
	EndGlobalSection
	GlobalSection(SolutionProperties) = preSolution
		HideSolutionNode = FALSE
	EndGlobalSection
	GlobalSection(ExtensibilityGlobals) = postSolution
		SolutionGuid = {F8693F3C-EFF9-41EB-BD73-7C7BEB921EE2}
	EndGlobalSection
EndGlobal
